
Microsoft Visual Studio Solution File, Format Version 12.00
Project("{FAE04EC0-301F-11D3-BF4B-00C04F79EFBC}") = "ProyectoArquitectura", "ProyectoArquitectura\ProyectoArquitectura.csproj", "{4867D66E-3F23-4559-85CB-30EE3C6044B7}"
EndProject
Global
	GlobalSection(SolutionConfigurationPlatforms) = preSolution
		Debug|Any CPU = Debug|Any CPU
		Release|Any CPU = Release|Any CPU
	EndGlobalSection
	GlobalSection(ProjectConfigurationPlatforms) = postSolution
		{4867D66E-3F23-4559-85CB-30EE3C6044B7}.Debug|Any CPU.ActiveCfg = Debug|Any CPU
		{4867D66E-3F23-4559-85CB-30EE3C6044B7}.Debug|Any CPU.Build.0 = Debug|Any CPU
		{4867D66E-3F23-4559-85CB-30EE3C6044B7}.Release|Any CPU.ActiveCfg = Release|Any CPU
		{4867D66E-3F23-4559-85CB-30EE3C6044B7}.Release|Any CPU.Build.0 = Release|Any CPU
	EndGlobalSection
EndGlobal
